
Microsoft Visual Studio Solution File, Format Version 12.00
# Visual Studio Version 17
VisualStudioVersion = 17.5.002.0
MinimumVisualStudioVersion = 10.0.40219.1
Project("{9A19103F-16F7-4668-BE54-9A1E7A4F7556}") = "Atividade_Backend_sérgiotavares", "Atividade_Backend_sérgiotavares.csproj", "{C01BF62D-8CE0-49BE-A8CF-76F5B37ACD79}"
EndProject
Global
	GlobalSection(SolutionConfigurationPlatforms) = preSolution
		Debug|Any CPU = Debug|Any CPU
		Release|Any CPU = Release|Any CPU
	EndGlobalSection
	GlobalSection(ProjectConfigurationPlatforms) = postSolution
		{C01BF62D-8CE0-49BE-A8CF-76F5B37ACD79}.Debug|Any CPU.ActiveCfg = Debug|Any CPU
		{C01BF62D-8CE0-49BE-A8CF-76F5B37ACD79}.Debug|Any CPU.Build.0 = Debug|Any CPU
		{C01BF62D-8CE0-49BE-A8CF-76F5B37ACD79}.Release|Any CPU.ActiveCfg = Release|Any CPU
		{C01BF62D-8CE0-49BE-A8CF-76F5B37ACD79}.Release|Any CPU.Build.0 = Release|Any CPU
	EndGlobalSection
	GlobalSection(SolutionProperties) = preSolution
		HideSolutionNode = FALSE
	EndGlobalSection
	GlobalSection(ExtensibilityGlobals) = postSolution
		SolutionGuid = {3637C10B-2ADB-4F43-A03F-22735A523BB6}
	EndGlobalSection
EndGlobal
